
Microsoft Visual Studio Solution File, Format Version 12.00
# Visual Studio 15
VisualStudioVersion = 15.0.28307.421
MinimumVisualStudioVersion = 10.0.40219.1
Project("{8BC9CEB8-8B4A-11D0-8D11-00A0C91BC942}") = "Building Blocks", "Building Blocks\Building Blocks.vcxproj", "{02FF7600-DF4B-494A-B45D-18BFAE313F2B}"
EndProject
Global
	GlobalSection(SolutionConfigurationPlatforms) = preSolution
		Debug|x64 = Debug|x64
		Debug|x86 = Debug|x86
		Release|x64 = Release|x64
		Release|x86 = Release|x86
	EndGlobalSection
	GlobalSection(ProjectConfigurationPlatforms) = postSolution
		{02FF7600-DF4B-494A-B45D-18BFAE313F2B}.Debug|x64.ActiveCfg = Debug|x64
		{02FF7600-DF4B-494A-B45D-18BFAE313F2B}.Debug|x64.Build.0 = Debug|x64
		{02FF7600-DF4B-494A-B45D-18BFAE313F2B}.Debug|x86.ActiveCfg = Debug|Win32
		{02FF7600-DF4B-494A-B45D-18BFAE313F2B}.Debug|x86.Build.0 = Debug|Win32
		{02FF7600-DF4B-494A-B45D-18BFAE313F2B}.Release|x64.ActiveCfg = Release|x64
		{02FF7600-DF4B-494A-B45D-18BFAE313F2B}.Release|x64.Build.0 = Release|x64
		{02FF7600-DF4B-494A-B45D-18BFAE313F2B}.Release|x86.ActiveCfg = Release|x64
		{02FF7600-DF4B-494A-B45D-18BFAE313F2B}.Release|x86.Build.0 = Release|x64
	EndGlobalSection
	GlobalSection(SolutionProperties) = preSolution
		HideSolutionNode = FALSE
	EndGlobalSection
	GlobalSection(ExtensibilityGlobals) = postSolution
		SolutionGuid = {A3D958A9-EB5F-4A82-AE87-74B00B48F3DE}
	EndGlobalSection
EndGlobal
